
Microsoft Visual Studio Solution File, Format Version 12.00
# Visual Studio Version 17
VisualStudioVersion = 17.7.33723.381
MinimumVisualStudioVersion = 10.0.40219.1
Project("{FAE04EC0-301F-11D3-BF4B-00C04F79EFBC}") = "GitHubActionsVS", "GitHubActionsVS.csproj", "{FBFFEFBA-F117-44A7-ACA1-3ECE4CC42310}"
EndProject
Project("{2150E333-8FDC-42A3-9474-1A3956D46DE8}") = "Solution Items", "Solution Items", "{87129287-A684-4E35-B65F-C425C13F07F4}"
	ProjectSection(SolutionItems) = preProject
		..\.gitignore = ..\.gitignore
		..\README.md = ..\README.md
	EndProjectSection
EndProject
Project("{2150E333-8FDC-42A3-9474-1A3956D46DE8}") = "Workflows", "Workflows", "{8C868368-D330-4780-A683-AF741C00B754}"
	ProjectSection(SolutionItems) = preProject
		..\.github\workflows\pr.yaml.yaml = ..\.github\workflows\pr.yaml.yaml
		..\.github\workflows\_build.yaml = ..\.github\workflows\_build.yaml
	EndProjectSection
EndProject
Global
	GlobalSection(SolutionConfigurationPlatforms) = preSolution
		Debug|Any CPU = Debug|Any CPU
		Debug|arm64 = Debug|arm64
		Debug|x86 = Debug|x86
		Release|Any CPU = Release|Any CPU
		Release|arm64 = Release|arm64
		Release|x86 = Release|x86
	EndGlobalSection
	GlobalSection(ProjectConfigurationPlatforms) = postSolution
		{FBFFEFBA-F117-44A7-ACA1-3ECE4CC42310}.Debug|Any CPU.ActiveCfg = Debug|Any CPU
		{FBFFEFBA-F117-44A7-ACA1-3ECE4CC42310}.Debug|Any CPU.Build.0 = Debug|Any CPU
		{FBFFEFBA-F117-44A7-ACA1-3ECE4CC42310}.Debug|arm64.ActiveCfg = Debug|arm64
		{FBFFEFBA-F117-44A7-ACA1-3ECE4CC42310}.Debug|arm64.Build.0 = Debug|arm64
		{FBFFEFBA-F117-44A7-ACA1-3ECE4CC42310}.Debug|x86.ActiveCfg = Debug|x86
		{FBFFEFBA-F117-44A7-ACA1-3ECE4CC42310}.Debug|x86.Build.0 = Debug|x86
		{FBFFEFBA-F117-44A7-ACA1-3ECE4CC42310}.Release|Any CPU.ActiveCfg = Release|Any CPU
		{FBFFEFBA-F117-44A7-ACA1-3ECE4CC42310}.Release|Any CPU.Build.0 = Release|Any CPU
		{FBFFEFBA-F117-44A7-ACA1-3ECE4CC42310}.Release|arm64.ActiveCfg = Release|arm64
		{FBFFEFBA-F117-44A7-ACA1-3ECE4CC42310}.Release|arm64.Build.0 = Release|arm64
		{FBFFEFBA-F117-44A7-ACA1-3ECE4CC42310}.Release|x86.ActiveCfg = Release|x86
		{FBFFEFBA-F117-44A7-ACA1-3ECE4CC42310}.Release|x86.Build.0 = Release|x86
	EndGlobalSection
	GlobalSection(SolutionProperties) = preSolution
		HideSolutionNode = FALSE
	EndGlobalSection
	GlobalSection(ExtensibilityGlobals) = postSolution
		SolutionGuid = {5543C1A6-7F82-45F0-9449-3CF513D538B0}
	EndGlobalSection
EndGlobal
